
Microsoft Visual Studio Solution File, Format Version 11.00
# Visual Studio 2010
# SharpDevelop 4.3
Project("{2150E333-8FDC-42A3-9474-1A3956D46DE8}") = ".nuget", ".nuget", "{AFA51701-67ED-4749-BDB2-6CB05126A620}"
	ProjectSection(SolutionItems) = preProject
		.nuget\NuGet.Config = .nuget\NuGet.Config
		.nuget\NuGet.exe = .nuget\NuGet.exe
		.nuget\NuGet.targets = .nuget\NuGet.targets
	EndProjectSection
EndProject
Project("{2150E333-8FDC-42A3-9474-1A3956D46DE8}") = "Core", "Core", "{E6C1F78B-5228-4242-9CF4-7315DACBD453}"
	ProjectSection(SolutionItems) = postProject
	EndProjectSection
EndProject
Project("{FAE04EC0-301F-11D3-BF4B-00C04F79EFBC}") = "MFlow.Core", "MFlow.Core\MFlow.Core.csproj", "{64DD43B3-3A13-4325-B074-E26FD285CC7D}"
EndProject
Project("{FAE04EC0-301F-11D3-BF4B-00C04F79EFBC}") = "MFlow.Core.Tests", "MFlow.Core.Tests\MFlow.Core.Tests.csproj", "{50E56BCB-0CBD-4330-8C55-541808529B8A}"
EndProject
Project("{2150E333-8FDC-42A3-9474-1A3956D46DE8}") = ".misc", ".misc", "{C818677A-17E9-43FE-BDCD-AF666204E5F9}"
	ProjectSection(SolutionItems) = postProject
	EndProjectSection
EndProject
Project("{2150E333-8FDC-42A3-9474-1A3956D46DE8}") = "Samples", "Samples", "{2BDAF41F-B47C-449A-BD0A-52F02F427B15}"
	ProjectSection(SolutionItems) = postProject
	EndProjectSection
EndProject
Project("{FAE04EC0-301F-11D3-BF4B-00C04F79EFBC}") = "MFlow.Samples.Mvc", "MFlow.Samples.Mvc\MFlow.Samples.Mvc.csproj", "{1393DA97-7191-42D6-B72A-399787CB1F63}"
EndProject
Project("{FAE04EC0-301F-11D3-BF4B-00C04F79EFBC}") = "MFlow.Samples.WebApi", "MFlow.Samples.WebApi\MFlow.Samples.WebApi.csproj", "{ACC2A163-F57A-46C5-96DB-CA5AC312BB8B}"
EndProject
Project("{2150E333-8FDC-42A3-9474-1A3956D46DE8}") = "Performance", "Performance", "{5B172B1F-3F9C-4F94-8E94-096DB6262577}"
	ProjectSection(SolutionItems) = postProject
	EndProjectSection
EndProject
Project("{FAE04EC0-301F-11D3-BF4B-00C04F79EFBC}") = "MFlow.Performance", "MFlow.Performance\MFlow.Performance.csproj", "{1BE96F96-8234-41E3-AD08-8B64A2FB10A4}"
EndProject
Project("{2150E333-8FDC-42A3-9474-1A3956D46DE8}") = "Mvc", "Mvc", "{FFF831E7-93BA-4272-A07F-1237BCC6DDC3}"
	ProjectSection(SolutionItems) = postProject
	EndProjectSection
EndProject
Project("{FAE04EC0-301F-11D3-BF4B-00C04F79EFBC}") = "MFlow.Mvc", "MFlow.Mvc\MFlow.Mvc.csproj", "{446759FA-5274-472A-87F2-1B1CCACB6919}"
EndProject
Project("{FAE04EC0-301F-11D3-BF4B-00C04F79EFBC}") = "MFlow.Mvc.Tests", "MFlow.Mvc.Tests\MFlow.Mvc.Tests.csproj", "{96AF68AD-FCF5-4492-B9BF-F2C113E0A1DF}"
EndProject
Project("{2150E333-8FDC-42A3-9474-1A3956D46DE8}") = "WebApi", "WebApi", "{775009D4-2FEF-473A-8E00-38EA908F84F1}"
	ProjectSection(SolutionItems) = postProject
	EndProjectSection
EndProject
Project("{FAE04EC0-301F-11D3-BF4B-00C04F79EFBC}") = "MFlow.WebApi", "MFlow.WebApi\MFlow.WebApi.csproj", "{C2418C31-AC59-4F32-8250-9BE18E67873B}"
EndProject
Project("{FAE04EC0-301F-11D3-BF4B-00C04F79EFBC}") = "MFlow.WebApi.Tests", "MFlow.WebApi.Tests\MFlow.WebApi.Tests.csproj", "{7F35CCEB-D7FA-46BB-9649-6FF98C294AC2}"
EndProject
Project("{2150E333-8FDC-42A3-9474-1A3956D46DE8}") = "Client", "Client", "{8E805B33-0EA6-4F52-88C3-9DF293CFC34B}"
	ProjectSection(SolutionItems) = postProject
	EndProjectSection
EndProject
Project("{FAE04EC0-301F-11D3-BF4B-00C04F79EFBC}") = "MFlow.Client", "MFlow.Client\MFlow.Client.csproj", "{E1F9462C-8401-4E0A-9D86-8FDCF1AF251C}"
EndProject
Global
	GlobalSection(SolutionConfigurationPlatforms) = preSolution
		Debug|Any CPU = Debug|Any CPU
		Release|Any CPU = Release|Any CPU
	EndGlobalSection
	GlobalSection(ProjectConfigurationPlatforms) = postSolution
		{1393DA97-7191-42D6-B72A-399787CB1F63}.Debug|Any CPU.ActiveCfg = Debug|Any CPU
		{1393DA97-7191-42D6-B72A-399787CB1F63}.Debug|Any CPU.Build.0 = Debug|Any CPU
		{1393DA97-7191-42D6-B72A-399787CB1F63}.Release|Any CPU.ActiveCfg = Release|Any CPU
		{1393DA97-7191-42D6-B72A-399787CB1F63}.Release|Any CPU.Build.0 = Release|Any CPU
		{1BE96F96-8234-41E3-AD08-8B64A2FB10A4}.Debug|Any CPU.ActiveCfg = Debug|Any CPU
		{1BE96F96-8234-41E3-AD08-8B64A2FB10A4}.Debug|Any CPU.Build.0 = Debug|Any CPU
		{1BE96F96-8234-41E3-AD08-8B64A2FB10A4}.Release|Any CPU.ActiveCfg = Release|Any CPU
		{1BE96F96-8234-41E3-AD08-8B64A2FB10A4}.Release|Any CPU.Build.0 = Release|Any CPU
		{446759FA-5274-472A-87F2-1B1CCACB6919}.Debug|Any CPU.ActiveCfg = Debug|Any CPU
		{446759FA-5274-472A-87F2-1B1CCACB6919}.Debug|Any CPU.Build.0 = Debug|Any CPU
		{446759FA-5274-472A-87F2-1B1CCACB6919}.Release|Any CPU.ActiveCfg = Release|Any CPU
		{446759FA-5274-472A-87F2-1B1CCACB6919}.Release|Any CPU.Build.0 = Release|Any CPU
		{50E56BCB-0CBD-4330-8C55-541808529B8A}.Debug|Any CPU.ActiveCfg = Debug|Any CPU
		{50E56BCB-0CBD-4330-8C55-541808529B8A}.Debug|Any CPU.Build.0 = Debug|Any CPU
		{50E56BCB-0CBD-4330-8C55-541808529B8A}.Release|Any CPU.ActiveCfg = Release|Any CPU
		{50E56BCB-0CBD-4330-8C55-541808529B8A}.Release|Any CPU.Build.0 = Release|Any CPU
		{64DD43B3-3A13-4325-B074-E26FD285CC7D}.Debug|Any CPU.ActiveCfg = Debug|Any CPU
		{64DD43B3-3A13-4325-B074-E26FD285CC7D}.Debug|Any CPU.Build.0 = Debug|Any CPU
		{64DD43B3-3A13-4325-B074-E26FD285CC7D}.Release|Any CPU.ActiveCfg = Release|Any CPU
		{64DD43B3-3A13-4325-B074-E26FD285CC7D}.Release|Any CPU.Build.0 = Release|Any CPU
		{7F35CCEB-D7FA-46BB-9649-6FF98C294AC2}.Debug|Any CPU.ActiveCfg = Debug|Any CPU
		{7F35CCEB-D7FA-46BB-9649-6FF98C294AC2}.Debug|Any CPU.Build.0 = Debug|Any CPU
		{7F35CCEB-D7FA-46BB-9649-6FF98C294AC2}.Release|Any CPU.ActiveCfg = Release|Any CPU
		{7F35CCEB-D7FA-46BB-9649-6FF98C294AC2}.Release|Any CPU.Build.0 = Release|Any CPU
		{96AF68AD-FCF5-4492-B9BF-F2C113E0A1DF}.Debug|Any CPU.ActiveCfg = Debug|Any CPU
		{96AF68AD-FCF5-4492-B9BF-F2C113E0A1DF}.Debug|Any CPU.Build.0 = Debug|Any CPU
		{96AF68AD-FCF5-4492-B9BF-F2C113E0A1DF}.Release|Any CPU.ActiveCfg = Release|Any CPU
		{96AF68AD-FCF5-4492-B9BF-F2C113E0A1DF}.Release|Any CPU.Build.0 = Release|Any CPU
		{ACC2A163-F57A-46C5-96DB-CA5AC312BB8B}.Debug|Any CPU.ActiveCfg = Debug|Any CPU
		{ACC2A163-F57A-46C5-96DB-CA5AC312BB8B}.Debug|Any CPU.Build.0 = Debug|Any CPU
		{ACC2A163-F57A-46C5-96DB-CA5AC312BB8B}.Release|Any CPU.ActiveCfg = Release|Any CPU
		{ACC2A163-F57A-46C5-96DB-CA5AC312BB8B}.Release|Any CPU.Build.0 = Release|Any CPU
		{C2418C31-AC59-4F32-8250-9BE18E67873B}.Debug|Any CPU.ActiveCfg = Debug|Any CPU
		{C2418C31-AC59-4F32-8250-9BE18E67873B}.Debug|Any CPU.Build.0 = Debug|Any CPU
		{C2418C31-AC59-4F32-8250-9BE18E67873B}.Release|Any CPU.ActiveCfg = Release|Any CPU
		{C2418C31-AC59-4F32-8250-9BE18E67873B}.Release|Any CPU.Build.0 = Release|Any CPU
		{E1F9462C-8401-4E0A-9D86-8FDCF1AF251C}.Debug|Any CPU.ActiveCfg = Debug|Any CPU
		{E1F9462C-8401-4E0A-9D86-8FDCF1AF251C}.Debug|Any CPU.Build.0 = Debug|Any CPU
		{E1F9462C-8401-4E0A-9D86-8FDCF1AF251C}.Release|Any CPU.ActiveCfg = Release|Any CPU
		{E1F9462C-8401-4E0A-9D86-8FDCF1AF251C}.Release|Any CPU.Build.0 = Release|Any CPU
	EndGlobalSection
	GlobalSection(MonoDevelopProperties) = preSolution
		StartupItem = MFlow.Performance\MFlow.Performance.csproj
		Policies = $0
		$0.TextStylePolicy = $1
		$1.inheritsSet = VisualStudio
		$1.inheritsScope = text/plain
		$1.scope = text/x-csharp
		$0.CSharpFormattingPolicy = $2
		$2.IndentSwitchBody = True
		$2.AnonymousMethodBraceStyle = NextLine
		$2.PropertyBraceStyle = NextLine
		$2.PropertyGetBraceStyle = NextLine
		$2.PropertySetBraceStyle = NextLine
		$2.EventBraceStyle = NextLine
		$2.EventAddBraceStyle = NextLine
		$2.EventRemoveBraceStyle = NextLine
		$2.StatementBraceStyle = NextLine
		$2.ElseNewLinePlacement = NewLine
		$2.ElseIfNewLinePlacement = NewLine
		$2.CatchNewLinePlacement = NewLine
		$2.FinallyNewLinePlacement = NewLine
		$2.ArrayInitializerBraceStyle = NextLine
		$2.BeforeMethodDeclarationParentheses = False
		$2.BeforeMethodCallParentheses = False
		$2.BeforeConstructorDeclarationParentheses = False
		$2.BeforeDelegateDeclarationParentheses = False
		$2.NewParentheses = False
		$2.inheritsSet = Mono
		$2.inheritsScope = text/x-csharp
		$2.scope = text/x-csharp
	EndGlobalSection
	GlobalSection(SolutionProperties) = preSolution
		HideSolutionNode = FALSE
	EndGlobalSection
	GlobalSection(NestedProjects) = preSolution
		{64DD43B3-3A13-4325-B074-E26FD285CC7D} = {E6C1F78B-5228-4242-9CF4-7315DACBD453}
		{50E56BCB-0CBD-4330-8C55-541808529B8A} = {E6C1F78B-5228-4242-9CF4-7315DACBD453}
		{2BDAF41F-B47C-449A-BD0A-52F02F427B15} = {C818677A-17E9-43FE-BDCD-AF666204E5F9}
		{5B172B1F-3F9C-4F94-8E94-096DB6262577} = {C818677A-17E9-43FE-BDCD-AF666204E5F9}
		{1393DA97-7191-42D6-B72A-399787CB1F63} = {2BDAF41F-B47C-449A-BD0A-52F02F427B15}
		{ACC2A163-F57A-46C5-96DB-CA5AC312BB8B} = {2BDAF41F-B47C-449A-BD0A-52F02F427B15}
		{1BE96F96-8234-41E3-AD08-8B64A2FB10A4} = {5B172B1F-3F9C-4F94-8E94-096DB6262577}
		{446759FA-5274-472A-87F2-1B1CCACB6919} = {FFF831E7-93BA-4272-A07F-1237BCC6DDC3}
		{96AF68AD-FCF5-4492-B9BF-F2C113E0A1DF} = {FFF831E7-93BA-4272-A07F-1237BCC6DDC3}
		{C2418C31-AC59-4F32-8250-9BE18E67873B} = {775009D4-2FEF-473A-8E00-38EA908F84F1}
		{7F35CCEB-D7FA-46BB-9649-6FF98C294AC2} = {775009D4-2FEF-473A-8E00-38EA908F84F1}
		{E1F9462C-8401-4E0A-9D86-8FDCF1AF251C} = {8E805B33-0EA6-4F52-88C3-9DF293CFC34B}
	EndGlobalSection
EndGlobal
